PODS:
  - GRMustache.swift (2.0.0)
  - GzipSwift (4.0.4)
  - Just (0.7.1)
  - PromiseKit (6.8.2):
    - PromiseKit/CorePromise (= 6.8.2)
    - PromiseKit/Foundation (= 6.8.2)
    - PromiseKit/UIKit (= 6.8.2)
  - PromiseKit/CorePromise (6.8.2)
  - PromiseKit/Foundation (6.8.2):
    - PromiseKit/CorePromise
  - Sparkle (1.21.2)

DEPENDENCIES:
  - GRMustache.swift (from `https://github.com/iina/GRMustache.swift`)
  - GzipSwift
  - Just (from `https://github.com/iina/Just`, branch `swift-5`)
  - PromiseKit (from `https://github.com/iina/PromiseKit`, branch `xcode-10.2-beta1`)
  - Sparkle

SPEC REPOS:
  https://github.com/cocoapods/specs.git:
    - GzipSwift
    - Sparkle

EXTERNAL SOURCES:
  GRMustache.swift:
    :git: https://github.com/iina/GRMustache.swift
  Just:
    :branch: swift-5
    :git: https://github.com/iina/Just
  PromiseKit:
    :branch: xcode-10.2-beta1
    :git: https://github.com/iina/PromiseKit

CHECKOUT OPTIONS:
  GRMustache.swift:
    :commit: 3e6778e4b8a134e3f96d04d6c15c7213bd7d9935
    :git: https://github.com/iina/GRMustache.swift
  Just:
    :commit: aeb7df1382726d970c1712bd46f9ba974bc84dcf
    :git: https://github.com/iina/Just
  PromiseKit:
    :commit: b1c858592b24cb8fa9a07e26ce22dda0c7c4c701
    :git: https://github.com/iina/PromiseKit

SPEC CHECKSUMS:
  GRMustache.swift: 53405b02c374520f9193cf41bfa677f03a6d70aa
  GzipSwift: 1a5bc5f7827e09846b0635b5079f1224bc3b1c3a
  Just: 60c0995e04718eb621a07abef45ce6883c562f2b
  PromiseKit: 193df05a4921f0f6a738acd467c8daf6f0f3c054
  Sparkle: 1678d4707e7665960c7d1b43aca125e6392d11c4

PODFILE CHECKSUM: 124de07bdd22989c3458d3f0a6733f30790db60d

COCOAPODS: 1.6.0.beta.2
